
Microsoft Visual Studio Solution File, Format Version 12.00
# Visual Studio 15
VisualStudioVersion = 15.0.26124.0
MinimumVisualStudioVersion = 15.0.26124.0
Project("{FAE04EC0-301F-11D3-BF4B-00C04F79EFBC}") = "GameTOP", "GameTOP\GameTOP.csproj", "{8EF816EB-9BD8-4B1F-9F53-BE395FDFC8F5}"
EndProject
Project("{FAE04EC0-301F-11D3-BF4B-00C04F79EFBC}") = "GameTOP.Lib", "GameTOP.Lib\GameTOP.Lib.csproj", "{48974316-4B49-4E20-BA0B-95A64C84B72F}"
EndProject
Project("{FAE04EC0-301F-11D3-BF4B-00C04F79EFBC}") = "GameTOP.Interface", "GameTOP.Interface\GameTOP.Interface.csproj", "{E503F6C5-99F9-4220-842D-64DC46B2855E}"
EndProject
Global
	GlobalSection(SolutionConfigurationPlatforms) = preSolution
		Debug|Any CPU = Debug|Any CPU
		Debug|x64 = Debug|x64
		Debug|x86 = Debug|x86
		Release|Any CPU = Release|Any CPU
		Release|x64 = Release|x64
		Release|x86 = Release|x86
	EndGlobalSection
	GlobalSection(SolutionProperties) = preSolution
		HideSolutionNode = FALSE
	EndGlobalSection
	GlobalSection(ProjectConfigurationPlatforms) = postSolution
		{8EF816EB-9BD8-4B1F-9F53-BE395FDFC8F5}.Debug|Any CPU.ActiveCfg = Debug|Any CPU
		{8EF816EB-9BD8-4B1F-9F53-BE395FDFC8F5}.Debug|Any CPU.Build.0 = Debug|Any CPU
		{8EF816EB-9BD8-4B1F-9F53-BE395FDFC8F5}.Debug|x64.ActiveCfg = Debug|Any CPU
		{8EF816EB-9BD8-4B1F-9F53-BE395FDFC8F5}.Debug|x64.Build.0 = Debug|Any CPU
		{8EF816EB-9BD8-4B1F-9F53-BE395FDFC8F5}.Debug|x86.ActiveCfg = Debug|Any CPU
		{8EF816EB-9BD8-4B1F-9F53-BE395FDFC8F5}.Debug|x86.Build.0 = Debug|Any CPU
		{8EF816EB-9BD8-4B1F-9F53-BE395FDFC8F5}.Release|Any CPU.ActiveCfg = Release|Any CPU
		{8EF816EB-9BD8-4B1F-9F53-BE395FDFC8F5}.Release|Any CPU.Build.0 = Release|Any CPU
		{8EF816EB-9BD8-4B1F-9F53-BE395FDFC8F5}.Release|x64.ActiveCfg = Release|Any CPU
		{8EF816EB-9BD8-4B1F-9F53-BE395FDFC8F5}.Release|x64.Build.0 = Release|Any CPU
		{8EF816EB-9BD8-4B1F-9F53-BE395FDFC8F5}.Release|x86.ActiveCfg = Release|Any CPU
		{8EF816EB-9BD8-4B1F-9F53-BE395FDFC8F5}.Release|x86.Build.0 = Release|Any CPU
		{48974316-4B49-4E20-BA0B-95A64C84B72F}.Debug|Any CPU.ActiveCfg = Debug|Any CPU
		{48974316-4B49-4E20-BA0B-95A64C84B72F}.Debug|Any CPU.Build.0 = Debug|Any CPU
		{48974316-4B49-4E20-BA0B-95A64C84B72F}.Debug|x64.ActiveCfg = Debug|Any CPU
		{48974316-4B49-4E20-BA0B-95A64C84B72F}.Debug|x64.Build.0 = Debug|Any CPU
		{48974316-4B49-4E20-BA0B-95A64C84B72F}.Debug|x86.ActiveCfg = Debug|Any CPU
		{48974316-4B49-4E20-BA0B-95A64C84B72F}.Debug|x86.Build.0 = Debug|Any CPU
		{48974316-4B49-4E20-BA0B-95A64C84B72F}.Release|Any CPU.ActiveCfg = Release|Any CPU
		{48974316-4B49-4E20-BA0B-95A64C84B72F}.Release|Any CPU.Build.0 = Release|Any CPU
		{48974316-4B49-4E20-BA0B-95A64C84B72F}.Release|x64.ActiveCfg = Release|Any CPU
		{48974316-4B49-4E20-BA0B-95A64C84B72F}.Release|x64.Build.0 = Release|Any CPU
		{48974316-4B49-4E20-BA0B-95A64C84B72F}.Release|x86.ActiveCfg = Release|Any CPU
		{48974316-4B49-4E20-BA0B-95A64C84B72F}.Release|x86.Build.0 = Release|Any CPU
		{E503F6C5-99F9-4220-842D-64DC46B2855E}.Debug|Any CPU.ActiveCfg = Debug|Any CPU
		{E503F6C5-99F9-4220-842D-64DC46B2855E}.Debug|Any CPU.Build.0 = Debug|Any CPU
		{E503F6C5-99F9-4220-842D-64DC46B2855E}.Debug|x64.ActiveCfg = Debug|Any CPU
		{E503F6C5-99F9-4220-842D-64DC46B2855E}.Debug|x64.Build.0 = Debug|Any CPU
		{E503F6C5-99F9-4220-842D-64DC46B2855E}.Debug|x86.ActiveCfg = Debug|Any CPU
		{E503F6C5-99F9-4220-842D-64DC46B2855E}.Debug|x86.Build.0 = Debug|Any CPU
		{E503F6C5-99F9-4220-842D-64DC46B2855E}.Release|Any CPU.ActiveCfg = Release|Any CPU
		{E503F6C5-99F9-4220-842D-64DC46B2855E}.Release|Any CPU.Build.0 = Release|Any CPU
		{E503F6C5-99F9-4220-842D-64DC46B2855E}.Release|x64.ActiveCfg = Release|Any CPU
		{E503F6C5-99F9-4220-842D-64DC46B2855E}.Release|x64.Build.0 = Release|Any CPU
		{E503F6C5-99F9-4220-842D-64DC46B2855E}.Release|x86.ActiveCfg = Release|Any CPU
		{E503F6C5-99F9-4220-842D-64DC46B2855E}.Release|x86.Build.0 = Release|Any CPU
	EndGlobalSection
EndGlobal
